
Microsoft Visual Studio Solution File, Format Version 12.00
# Visual Studio 15
VisualStudioVersion = 15.0.28307.705
MinimumVisualStudioVersion = 10.0.40219.1
Project("{FAE04EC0-301F-11D3-BF4B-00C04F79EFBC}") = "RPABaseAPI", "RPABaseAPI\RPABaseAPI.csproj", "{90F0F94D-0FAF-4C00-B91B-2985DC868735}"
EndProject
Project("{FAE04EC0-301F-11D3-BF4B-00C04F79EFBC}") = "02 - DoChild", "samples\02 - DoChild\02 - DoChild.csproj", "{461C5E24-13FF-48C4-A5B4-A424F7885206}"
EndProject
Project("{FAE04EC0-301F-11D3-BF4B-00C04F79EFBC}") = "01 - MostBasic", "samples\01 - Most basic\01 - MostBasic.csproj", "{D4A3E63C-5233-4497-B271-69BB68AAA2D0}"
EndProject
Project("{FAE04EC0-301F-11D3-BF4B-00C04F79EFBC}") = "02 - Walk tree", "samples\02 - Walk Tree\02 - Walk tree.csproj", "{8F43A9A8-DE71-4CC2-AAF9-F39FABA76555}"
EndProject
Project("{FAE04EC0-301F-11D3-BF4B-00C04F79EFBC}") = "03 - ImagesOCR", "samples\03 - Images and OCR\03 - ImagesOCR.csproj", "{44FF9E96-3CD7-439F-8601-A6D748714E9B}"
EndProject
Project("{FAE04EC0-301F-11D3-BF4B-00C04F79EFBC}") = "04 - Project Structure", "samples\04 - Project Structure\04 - Project Structure.csproj", "{6E840137-6BAE-4FF9-975E-96ACCB8374EC}"
EndProject
Project("{2150E333-8FDC-42A3-9474-1A3956D46DE8}") = "Solution Items", "Solution Items", "{FE637AD5-E15B-4E97-B1EC-CD53E8AE5151}"
	ProjectSection(SolutionItems) = preProject
		README.md = README.md
	EndProjectSection
EndProject
Project("{FAE04EC0-301F-11D3-BF4B-00C04F79EFBC}") = "ChromeLib", "APIs\ChromeLib\ChromeLib.csproj", "{1F84C91F-9E88-45CC-BB34-23903A4899C6}"
EndProject
Project("{FAE04EC0-301F-11D3-BF4B-00C04F79EFBC}") = "IExplorerLib", "APIs\IExplorerLib\IExplorerLib.csproj", "{653265FC-A964-4460-945C-D9ABA67B138A}"
EndProject
Project("{FAE04EC0-301F-11D3-BF4B-00C04F79EFBC}") = "NotepadLib", "APIs\NotepadLib\NotepadLib.csproj", "{4C5DF0D3-5892-46EE-92DA-ED860CF69546}"
EndProject
Global
	GlobalSection(SolutionConfigurationPlatforms) = preSolution
		Debug|Any CPU = Debug|Any CPU
		Release|Any CPU = Release|Any CPU
	EndGlobalSection
	GlobalSection(ProjectConfigurationPlatforms) = postSolution
		{90F0F94D-0FAF-4C00-B91B-2985DC868735}.Debug|Any CPU.ActiveCfg = Debug|Any CPU
		{90F0F94D-0FAF-4C00-B91B-2985DC868735}.Debug|Any CPU.Build.0 = Debug|Any CPU
		{90F0F94D-0FAF-4C00-B91B-2985DC868735}.Release|Any CPU.ActiveCfg = Release|Any CPU
		{90F0F94D-0FAF-4C00-B91B-2985DC868735}.Release|Any CPU.Build.0 = Release|Any CPU
		{461C5E24-13FF-48C4-A5B4-A424F7885206}.Debug|Any CPU.ActiveCfg = Debug|Any CPU
		{461C5E24-13FF-48C4-A5B4-A424F7885206}.Debug|Any CPU.Build.0 = Debug|Any CPU
		{461C5E24-13FF-48C4-A5B4-A424F7885206}.Release|Any CPU.ActiveCfg = Release|Any CPU
		{461C5E24-13FF-48C4-A5B4-A424F7885206}.Release|Any CPU.Build.0 = Release|Any CPU
		{D4A3E63C-5233-4497-B271-69BB68AAA2D0}.Debug|Any CPU.ActiveCfg = Debug|Any CPU
		{D4A3E63C-5233-4497-B271-69BB68AAA2D0}.Debug|Any CPU.Build.0 = Debug|Any CPU
		{D4A3E63C-5233-4497-B271-69BB68AAA2D0}.Release|Any CPU.ActiveCfg = Release|Any CPU
		{D4A3E63C-5233-4497-B271-69BB68AAA2D0}.Release|Any CPU.Build.0 = Release|Any CPU
		{8F43A9A8-DE71-4CC2-AAF9-F39FABA76555}.Debug|Any CPU.ActiveCfg = Debug|Any CPU
		{8F43A9A8-DE71-4CC2-AAF9-F39FABA76555}.Debug|Any CPU.Build.0 = Debug|Any CPU
		{8F43A9A8-DE71-4CC2-AAF9-F39FABA76555}.Release|Any CPU.ActiveCfg = Release|Any CPU
		{8F43A9A8-DE71-4CC2-AAF9-F39FABA76555}.Release|Any CPU.Build.0 = Release|Any CPU
		{44FF9E96-3CD7-439F-8601-A6D748714E9B}.Debug|Any CPU.ActiveCfg = Debug|Any CPU
		{44FF9E96-3CD7-439F-8601-A6D748714E9B}.Debug|Any CPU.Build.0 = Debug|Any CPU
		{44FF9E96-3CD7-439F-8601-A6D748714E9B}.Release|Any CPU.ActiveCfg = Release|Any CPU
		{44FF9E96-3CD7-439F-8601-A6D748714E9B}.Release|Any CPU.Build.0 = Release|Any CPU
		{6E840137-6BAE-4FF9-975E-96ACCB8374EC}.Debug|Any CPU.ActiveCfg = Debug|Any CPU
		{6E840137-6BAE-4FF9-975E-96ACCB8374EC}.Debug|Any CPU.Build.0 = Debug|Any CPU
		{6E840137-6BAE-4FF9-975E-96ACCB8374EC}.Release|Any CPU.ActiveCfg = Release|Any CPU
		{6E840137-6BAE-4FF9-975E-96ACCB8374EC}.Release|Any CPU.Build.0 = Release|Any CPU
		{1F84C91F-9E88-45CC-BB34-23903A4899C6}.Debug|Any CPU.ActiveCfg = Debug|Any CPU
		{1F84C91F-9E88-45CC-BB34-23903A4899C6}.Debug|Any CPU.Build.0 = Debug|Any CPU
		{1F84C91F-9E88-45CC-BB34-23903A4899C6}.Release|Any CPU.ActiveCfg = Release|Any CPU
		{1F84C91F-9E88-45CC-BB34-23903A4899C6}.Release|Any CPU.Build.0 = Release|Any CPU
		{653265FC-A964-4460-945C-D9ABA67B138A}.Debug|Any CPU.ActiveCfg = Debug|Any CPU
		{653265FC-A964-4460-945C-D9ABA67B138A}.Debug|Any CPU.Build.0 = Debug|Any CPU
		{653265FC-A964-4460-945C-D9ABA67B138A}.Release|Any CPU.ActiveCfg = Release|Any CPU
		{653265FC-A964-4460-945C-D9ABA67B138A}.Release|Any CPU.Build.0 = Release|Any CPU
		{4C5DF0D3-5892-46EE-92DA-ED860CF69546}.Debug|Any CPU.ActiveCfg = Debug|Any CPU
		{4C5DF0D3-5892-46EE-92DA-ED860CF69546}.Debug|Any CPU.Build.0 = Debug|Any CPU
		{4C5DF0D3-5892-46EE-92DA-ED860CF69546}.Release|Any CPU.ActiveCfg = Release|Any CPU
		{4C5DF0D3-5892-46EE-92DA-ED860CF69546}.Release|Any CPU.Build.0 = Release|Any CPU
	EndGlobalSection
	GlobalSection(SolutionProperties) = preSolution
		HideSolutionNode = FALSE
	EndGlobalSection
	GlobalSection(ExtensibilityGlobals) = postSolution
		SolutionGuid = {EBE9A465-7201-437E-9F24-1C0EE89A23FF}
	EndGlobalSection
EndGlobal
